
Microsoft Visual Studio Solution File, Format Version 12.00
# Visual Studio Version 17
VisualStudioVersion = 17.14.36310.24 d17.14
MinimumVisualStudioVersion = 10.0.40219.1
Project("{FAE04EC0-301F-11D3-BF4B-00C04F79EFBC}") = "invalid mark exception", "invalid mark exception\invalid mark exception.csproj", "{988D1773-6BEF-4C96-9654-3799254D903A}"
EndProject
Global
	GlobalSection(SolutionConfigurationPlatforms) = preSolution
		Debug|Any CPU = Debug|Any CPU
		Release|Any CPU = Release|Any CPU
	EndGlobalSection
	GlobalSection(ProjectConfigurationPlatforms) = postSolution
		{988D1773-6BEF-4C96-9654-3799254D903A}.Debug|Any CPU.ActiveCfg = Debug|Any CPU
		{988D1773-6BEF-4C96-9654-3799254D903A}.Debug|Any CPU.Build.0 = Debug|Any CPU
		{988D1773-6BEF-4C96-9654-3799254D903A}.Release|Any CPU.ActiveCfg = Release|Any CPU
		{988D1773-6BEF-4C96-9654-3799254D903A}.Release|Any CPU.Build.0 = Release|Any CPU
	EndGlobalSection
	GlobalSection(SolutionProperties) = preSolution
		HideSolutionNode = FALSE
	EndGlobalSection
	GlobalSection(ExtensibilityGlobals) = postSolution
		SolutionGuid = {D26D5114-E63D-4660-A205-FBC358812E56}
	EndGlobalSection
EndGlobal
